// !$*UTF8*$!
{
	archiveVersion = 1;
	classes = {
	};
	objectVersion = 45;
	objects = {

/* Begin PBXAggregateTarget section */
		53DF6901067E5B8E0090B5B0 /* All */ = {
			isa = PBXAggregateTarget;
			buildConfigurationList = C056398708A954F8003078D8 /* Build configuration list for PBXAggregateTarget "All" */;
			buildPhases = (
			);
			dependencies = (
				53DF6903067E5B930090B5B0 /* PBXTargetDependency */,
				53DF6905067E5B930090B5B0 /* PBXTargetDependency */,
			);
			name = All;
			productName = All;
		};
/* End PBXAggregateTarget section */

/* Begin PBXBuildFile section */
		13F8B89007B43554008AE28D /* Cocoa.framework in Frameworks */ = {isa = PBXBuildFile; fileRef = DD92D38A0106425D02CA0E72 /* Cocoa.framework */; };
		8D1AC9700486D14A00FE50C9 /* Cocoa.framework in Frameworks */ = {isa = PBXBuildFile; fileRef = DD92D38A0106425D02CA0E72 /* Cocoa.framework */; };
		8D1AC9800486D23B00FE50C9 /* InfoPlist.strings in Resources */ = {isa = PBXBuildFile; fileRef = 8D1AC97F0486D23B00FE50C9 /* InfoPlist.strings */; };
		A506C64310B05B1800EAD3C2 /* CocoaMondoKit.framework in Frameworks */ = {isa = PBXBuildFile; fileRef = 53DF68FD067E5B5A0090B5B0 /* CocoaMondoKit.framework */; };
		A506C70B10B21D6C00EAD3C2 /* MondoTextField.m in Sources */ = {isa = PBXBuildFile; fileRef = A506C70710B21D6C00EAD3C2 /* MondoTextField.m */; };
		A506C70D10B21D6C00EAD3C2 /* MondoTextFieldCell.m in Sources */ = {isa = PBXBuildFile; fileRef = A506C70910B21D6C00EAD3C2 /* MondoTextFieldCell.m */; };
		A506C70F10B21D7800EAD3C2 /* mondoZoomPanel.xib in Resources */ = {isa = PBXBuildFile; fileRef = A506C70E10B21D7800EAD3C2 /* mondoZoomPanel.xib */; };
		A506C72B10B21D9400EAD3C2 /* MondoZoomWindowController.m in Sources */ = {isa = PBXBuildFile; fileRef = A506C72910B21D9400EAD3C2 /* MondoZoomWindowController.m */; };
		A506C73410B21DE200EAD3C2 /* NSWindow-NoodleEffects.m in Sources */ = {isa = PBXBuildFile; fileRef = A506C73210B21DE200EAD3C2 /* NSWindow-NoodleEffects.m */; };
		A506C73E10B21E5800EAD3C2 /* zoomFieldMini_Pressed.png in Resources */ = {isa = PBXBuildFile; fileRef = A506C73810B21E5800EAD3C2 /* zoomFieldMini_Pressed.png */; };
		A506C73F10B21E5800EAD3C2 /* zoomFieldMini.png in Resources */ = {isa = PBXBuildFile; fileRef = A506C73910B21E5800EAD3C2 /* zoomFieldMini.png */; };
		A506C74010B21E5800EAD3C2 /* zoomFieldRegular_Pressed.png in Resources */ = {isa = PBXBuildFile; fileRef = A506C73A10B21E5800EAD3C2 /* zoomFieldRegular_Pressed.png */; };
		A506C74110B21E5800EAD3C2 /* zoomFieldRegular.png in Resources */ = {isa = PBXBuildFile; fileRef = A506C73B10B21E5800EAD3C2 /* zoomFieldRegular.png */; };
		A506C74210B21E5800EAD3C2 /* zoomFieldSmall_Pressed.png in Resources */ = {isa = PBXBuildFile; fileRef = A506C73C10B21E5800EAD3C2 /* zoomFieldSmall_Pressed.png */; };
		A506C74310B21E5800EAD3C2 /* zoomFieldSmall.png in Resources */ = {isa = PBXBuildFile; fileRef = A506C73D10B21E5800EAD3C2 /* zoomFieldSmall.png */; };
		A506C74D10B21FA500EAD3C2 /* Carbon.framework in Frameworks */ = {isa = PBXBuildFile; fileRef = A506C74A10B21F9A00EAD3C2 /* Carbon.framework */; };
		A506C80F10B2207F00EAD3C2 /* MondoTextFieldIBIcon.png in Resources */ = {isa = PBXBuildFile; fileRef = A506C80E10B2207F00EAD3C2 /* MondoTextFieldIBIcon.png */; };
		A506C82210B2235200EAD3C2 /* MondoTextField.classdescription in Resources */ = {isa = PBXBuildFile; fileRef = A506C82110B2235200EAD3C2 /* MondoTextField.classdescription */; };
		A54992D310B860A3002DB989 /* InterfaceBuilderKit.framework in Frameworks */ = {isa = PBXBuildFile; fileRef = C0D069550A49DF9100C95564 /* InterfaceBuilderKit.framework */; };
		A54992E210B861F2002DB989 /* CocoaMondoKit.framework in Copy Frameworks */ = {isa = PBXBuildFile; fileRef = 53DF68FD067E5B5A0090B5B0 /* CocoaMondoKit.framework */; };
		A54993BB10B991D3002DB989 /* testAppDelegate.m in Sources */ = {isa = PBXBuildFile; fileRef = A54993BA10B991D3002DB989 /* testAppDelegate.m */; };
		A54993BC10B991D3002DB989 /* testAppDelegate.m in Sources */ = {isa = PBXBuildFile; fileRef = A54993BA10B991D3002DB989 /* testAppDelegate.m */; };
		A54993C010B99260002DB989 /* main.m in Sources */ = {isa = PBXBuildFile; fileRef = A54993BF10B99260002DB989 /* main.m */; };
		A54993C110B99260002DB989 /* main.m in Sources */ = {isa = PBXBuildFile; fileRef = A54993BF10B99260002DB989 /* main.m */; };
		A54993C610B992A2002DB989 /* InfoPlist.strings in Resources */ = {isa = PBXBuildFile; fileRef = A54993C210B992A2002DB989 /* InfoPlist.strings */; };
		A54993C810B992A2002DB989 /* InfoPlist.strings in Resources */ = {isa = PBXBuildFile; fileRef = A54993C210B992A2002DB989 /* InfoPlist.strings */; };
		A54993CA10B99321002DB989 /* Cocoa.framework in Frameworks */ = {isa = PBXBuildFile; fileRef = DD92D38A0106425D02CA0E72 /* Cocoa.framework */; };
		A54993CB10B99323002DB989 /* Cocoa.framework in Frameworks */ = {isa = PBXBuildFile; fileRef = DD92D38A0106425D02CA0E72 /* Cocoa.framework */; };
		A54993EC10B99578002DB989 /* CocoaMondoKit.framework in Frameworks */ = {isa = PBXBuildFile; fileRef = 53DF68FD067E5B5A0090B5B0 /* CocoaMondoKit.framework */; };
		A54993FB10B9960C002DB989 /* CocoaMondoKit.framework in CopyFiles */ = {isa = PBXBuildFile; fileRef = 53DF68FD067E5B5A0090B5B0 /* CocoaMondoKit.framework */; };
		A549944A10B99A74002DB989 /* CocoaMondoKit.framework in Frameworks */ = {isa = PBXBuildFile; fileRef = 53DF68FD067E5B5A0090B5B0 /* CocoaMondoKit.framework */; };
		A549945010B99BF7002DB989 /* CocoaMondoKit.framework in CopyFiles */ = {isa = PBXBuildFile; fileRef = 53DF68FD067E5B5A0090B5B0 /* CocoaMondoKit.framework */; };
		A549947D10B9FE1C002DB989 /* MondoTextFieldIntegration.m in Sources */ = {isa = PBXBuildFile; fileRef = A549947C10B9FE1C002DB989 /* MondoTextFieldIntegration.m */; };
		A549948710BA00E3002DB989 /* MondoTextFieldInspector.m in Sources */ = {isa = PBXBuildFile; fileRef = A549948610BA00E3002DB989 /* MondoTextFieldInspector.m */; };
		A549953610BB5141002DB989 /* MondoTextField.h in Headers */ = {isa = PBXBuildFile; fileRef = A506C70610B21D6C00EAD3C2 /* MondoTextField.h */; settings = {ATTRIBUTES = (Public, ); }; };
		A549975110BF4052002DB989 /* MainMenu.xib in Resources */ = {isa = PBXBuildFile; fileRef = A549974F10BF4052002DB989 /* MainMenu.xib */; };
		A549975210BF4052002DB989 /* MainMenu.xib in Resources */ = {isa = PBXBuildFile; fileRef = A549974F10BF4052002DB989 /* MainMenu.xib */; };
		A549982A10C19FCF002DB989 /* CocoaMondoKit.h in Headers */ = {isa = PBXBuildFile; fileRef = A549982910C19FCF002DB989 /* CocoaMondoKit.h */; settings = {ATTRIBUTES = (Public, ); }; };
		A5499ACA10C2F60F002DB989 /* ExceptionHandling.framework in Frameworks */ = {isa = PBXBuildFile; fileRef = A5499AC910C2F60F002DB989 /* ExceptionHandling.framework */; };
		A5499ACD10C2F62D002DB989 /* ExceptionHandling.framework in Frameworks */ = {isa = PBXBuildFile; fileRef = A5499AC910C2F60F002DB989 /* ExceptionHandling.framework */; };
		A5499AD210C2F63D002DB989 /* ExceptionHandling.framework in Frameworks */ = {isa = PBXBuildFile; fileRef = A5499AC910C2F60F002DB989 /* ExceptionHandling.framework */; };
		A5EFB8A910CDC908009EFCEB /* MondoSwitch.h in Headers */ = {isa = PBXBuildFile; fileRef = A5EFB8A610CDC908009EFCEB /* MondoSwitch.h */; settings = {ATTRIBUTES = (Public, ); }; };
		A5EFB8B410CDCA74009EFCEB /* MondoSwitch.m in Sources */ = {isa = PBXBuildFile; fileRef = A5EFB8A710CDC908009EFCEB /* MondoSwitch.m */; };
		A5EFB93110CF0C79009EFCEB /* MondoSwitchButtonCALayer.h in Headers */ = {isa = PBXBuildFile; fileRef = A5EFB92F10CF0C79009EFCEB /* MondoSwitchButtonCALayer.h */; };
		A5EFB93210CF0C79009EFCEB /* MondoSwitchButtonCALayer.m in Sources */ = {isa = PBXBuildFile; fileRef = A5EFB93010CF0C79009EFCEB /* MondoSwitchButtonCALayer.m */; };
		A5EFB93F10CF244E009EFCEB /* QuartzCore.framework in Frameworks */ = {isa = PBXBuildFile; fileRef = A5EFB93910CF2444009EFCEB /* QuartzCore.framework */; };
		A5EFB94010CF2450009EFCEB /* QuartzCore.framework in Frameworks */ = {isa = PBXBuildFile; fileRef = A5EFB93910CF2444009EFCEB /* QuartzCore.framework */; };
		A5EFB94110CF2451009EFCEB /* QuartzCore.framework in Frameworks */ = {isa = PBXBuildFile; fileRef = A5EFB93910CF2444009EFCEB /* QuartzCore.framework */; };
		A5EFB97F10CF2574009EFCEB /* PPCommon.h in Headers */ = {isa = PBXBuildFile; fileRef = A5EFB97E10CF2574009EFCEB /* PPCommon.h */; };
		A5EFBC3310D1C3DC009EFCEB /* PPCommon.m in Sources */ = {isa = PBXBuildFile; fileRef = A5EFBC3210D1C3DC009EFCEB /* PPCommon.m */; };
		A5EFBCB610D316DF009EFCEB /* MondoSwitchButtonCALayer_Private.h in Headers */ = {isa = PBXBuildFile; fileRef = A5EFBCB510D316DF009EFCEB /* MondoSwitchButtonCALayer_Private.h */; };
		A5EFBCBE10D31743009EFCEB /* MondoSwitch_Private.h in Headers */ = {isa = PBXBuildFile; fileRef = A5EFBCBD10D31743009EFCEB /* MondoSwitch_Private.h */; };
		A5EFBDF210D529D1009EFCEB /* Controller.h in Headers */ = {isa = PBXBuildFile; fileRef = A5EFBDF010D529D1009EFCEB /* Controller.h */; };
		A5EFBDF310D529D1009EFCEB /* Controller.m in Sources */ = {isa = PBXBuildFile; fileRef = A5EFBDF110D529D1009EFCEB /* Controller.m */; };
		A5EFBE3910D55B53009EFCEB /* MondoSwitch.classdescription in Resources */ = {isa = PBXBuildFile; fileRef = A5EFBE3810D55B53009EFCEB /* MondoSwitch.classdescription */; };
		A5EFBE4210D55D25009EFCEB /* MondoSwitchIBIcon.png in Resources */ = {isa = PBXBuildFile; fileRef = A5EFBE4110D55D25009EFCEB /* MondoSwitchIBIcon.png */; };
		A5EFBE5110D55F5F009EFCEB /* MondoSwitchIntegration.m in Sources */ = {isa = PBXBuildFile; fileRef = A5EFBE5010D55F5F009EFCEB /* MondoSwitchIntegration.m */; };
		C08787290A49DE9A00E9B151 /* CocoaMondoKit.m in Sources */ = {isa = PBXBuildFile; fileRef = 0259C576FE90428111CA0C5A /* CocoaMondoKit.m */; };
		C0A47C500A523B730004BDC3 /* MondoTextFieldInspector.xib in Resources */ = {isa = PBXBuildFile; fileRef = C05B20D80A48CB530099B9E5 /* MondoTextFieldInspector.xib */; };
		D1AEDE470A6C289C0010C343 /* CocoaMondoKitLibrary.nib in Resources */ = {isa = PBXBuildFile; fileRef = D1AEDE460A6C289C0010C343 /* CocoaMondoKitLibrary.nib */; };
/* End PBXBuildFile section */

/* Begin PBXContainerItemProxy section */
		53DF6902067E5B930090B5B0 /* PBXContainerItemProxy */ = {
			isa = PBXContainerItemProxy;
			containerPortal = 0259C573FE90428111CA0C5A /* Project object */;
			proxyType = 1;
			remoteGlobalIDString = 8D1AC9600486D14A00FE50C9;
			remoteInfo = CocoaMondoKit;
		};
		53DF6904067E5B930090B5B0 /* PBXContainerItemProxy */ = {
			isa = PBXContainerItemProxy;
			containerPortal = 0259C573FE90428111CA0C5A /* Project object */;
			proxyType = 1;
			remoteGlobalIDString = 53DF68FC067E5B5A0090B5B0;
			remoteInfo = CocoaMondoKitFramework;
		};
		A54992DA10B86195002DB989 /* PBXContainerItemProxy */ = {
			isa = PBXContainerItemProxy;
			containerPortal = 0259C573FE90428111CA0C5A /* Project object */;
			proxyType = 1;
			remoteGlobalIDString = 53DF68FC067E5B5A0090B5B0;
			remoteInfo = CocoaMondoKitFramework;
		};
		A54993CC10B99345002DB989 /* PBXContainerItemProxy */ = {
			isa = PBXContainerItemProxy;
			containerPortal = 0259C573FE90428111CA0C5A /* Project object */;
			proxyType = 1;
			remoteGlobalIDString = 53DF68FC067E5B5A0090B5B0;
			remoteInfo = CocoaMondoKitFramework;
		};
		A54993F310B995AD002DB989 /* PBXContainerItemProxy */ = {
			isa = PBXContainerItemProxy;
			containerPortal = 0259C573FE90428111CA0C5A /* Project object */;
			proxyType = 1;
			remoteGlobalIDString = 8D1AC9600486D14A00FE50C9;
			remoteInfo = CocoaMondoKit;
		};
		A549944610B99A6A002DB989 /* PBXContainerItemProxy */ = {
			isa = PBXContainerItemProxy;
			containerPortal = 0259C573FE90428111CA0C5A /* Project object */;
			proxyType = 1;
			remoteGlobalIDString = 8D1AC9600486D14A00FE50C9;
			remoteInfo = CocoaMondoKit;
		};
		A549944810B99A6F002DB989 /* PBXContainerItemProxy */ = {
			isa = PBXContainerItemProxy;
			containerPortal = 0259C573FE90428111CA0C5A /* Project object */;
			proxyType = 1;
			remoteGlobalIDString = 53DF68FC067E5B5A0090B5B0;
			remoteInfo = CocoaMondoKitFramework;
		};
/* End PBXContainerItemProxy section */

/* Begin PBXCopyFilesBuildPhase section */
		A54992D910B8615F002DB989 /* Copy Frameworks */ = {
			isa = PBXCopyFilesBuildPhase;
			buildActionMask = 2147483647;
			dstPath = "";
			dstSubfolderSpec = 10;
			files = (
				A54992E210B861F2002DB989 /* CocoaMondoKit.framework in Copy Frameworks */,
			);
			name = "Copy Frameworks";
			runOnlyForDeploymentPostprocessing = 0;
		};
		A54993FA10B99608002DB989 /* CopyFiles */ = {
			isa = PBXCopyFilesBuildPhase;
			buildActionMask = 2147483647;
			dstPath = "";
			dstSubfolderSpec = 10;
			files = (
				A54993FB10B9960C002DB989 /* CocoaMondoKit.framework in CopyFiles */,
			);
			runOnlyForDeploymentPostprocessing = 0;
		};
		A549944F10B99BF5002DB989 /* CopyFiles */ = {
			isa = PBXCopyFilesBuildPhase;
			buildActionMask = 2147483647;
			dstPath = "";
			dstSubfolderSpec = 10;
			files = (
				A549945010B99BF7002DB989 /* CocoaMondoKit.framework in CopyFiles */,
			);
			runOnlyForDeploymentPostprocessing = 0;
		};
/* End PBXCopyFilesBuildPhase section */

/* Begin PBXFileReference section */
		0259C576FE90428111CA0C5A /* CocoaMondoKit.m */ = {isa = PBXFileReference; fileEncoding = 30; lastKnownFileType = sourcecode.c.objc; name = CocoaMondoKit.m; path = src/Plugin/CocoaMondoKit.m; sourceTree = "<group>"; };
		0259C57AFE90428111CA0C5A /* CocoaMondoKit.h */ = {isa = PBXFileReference; fileEncoding = 30; lastKnownFileType = sourcecode.c.h; name = CocoaMondoKit.h; path = src/Plugin/CocoaMondoKit.h; sourceTree = "<group>"; };
		0259C57BFE90428111CA0C5A /* CocoaMondoKitInspector.h */ = {isa = PBXFileReference; fileEncoding = 30; lastKnownFileType = sourcecode.c.h; name = CocoaMondoKitInspector.h; path = src/Plugin/CocoaMondoKitInspector.h; sourceTree = "<group>"; };
		13F8B88807B434F6008AE28D /* AppKit.framework */ = {isa = PBXFileReference; lastKnownFileType = wrapper.framework; name = AppKit.framework; path = /System/Library/Frameworks/AppKit.framework; sourceTree = "<absolute>"; };
		13F8B88907B434F6008AE28D /* CoreData.framework */ = {isa = PBXFileReference; lastKnownFileType = wrapper.framework; name = CoreData.framework; path = /System/Library/Frameworks/CoreData.framework; sourceTree = "<absolute>"; };
		13F8B88A07B434F6008AE28D /* Foundation.framework */ = {isa = PBXFileReference; lastKnownFileType = wrapper.framework; name = Foundation.framework; path = /System/Library/Frameworks/Foundation.framework; sourceTree = "<absolute>"; };
		32DBCF980370C29C00C91783 /* CocoaMondoKit_Prefix.pch */ = {isa = PBXFileReference; fileEncoding = 4; lastKnownFileType = sourcecode.c.h; path = CocoaMondoKit_Prefix.pch; sourceTree = "<group>"; };
		53DF68FD067E5B5A0090B5B0 /* CocoaMondoKit.framework */ = {isa = PBXFileReference; explicitFileType = wrapper.framework; includeInIndex = 0; path = CocoaMondoKit.framework; sourceTree = BUILT_PRODUCTS_DIR; };
		53DF68FE067E5B5A0090B5B0 /* CocoaMondoKit-Info.plist */ = {isa = PBXFileReference; lastKnownFileType = text.plist.xml; path = "CocoaMondoKit-Info.plist"; sourceTree = "<group>"; };
		8D1AC9730486D14A00FE50C9 /* Info.plist */ = {isa = PBXFileReference; fileEncoding = 4; lastKnownFileType = text.plist; path = Info.plist; sourceTree = "<group>"; };
		8D1AC9740486D14A00FE50C9 /* CocoaMondoKit.ibplugin */ = {isa = PBXFileReference; explicitFileType = wrapper.cfbundle; includeInIndex = 0; path = CocoaMondoKit.ibplugin; sourceTree = BUILT_PRODUCTS_DIR; };
		8D1AC97B0486D23100FE50C9 /* English */ = {isa = PBXFileReference; fileEncoding = 10; lastKnownFileType = text.plist.strings; name = English; path = English.lproj/InfoPlist.strings; sourceTree = "<group>"; };
		A506C70610B21D6C00EAD3C2 /* MondoTextField.h */ = {isa = PBXFileReference; fileEncoding = 4; lastKnownFileType = sourcecode.c.h; name = MondoTextField.h; path = src/framework/mondoTextField/MondoTextField.h; sourceTree = "<group>"; };
		A506C70710B21D6C00EAD3C2 /* MondoTextField.m */ = {isa = PBXFileReference; fileEncoding = 4; lastKnownFileType = sourcecode.c.objc; name = MondoTextField.m; path = src/framework/mondoTextField/MondoTextField.m; sourceTree = "<group>"; };
		A506C70810B21D6C00EAD3C2 /* MondoTextFieldCell.h */ = {isa = PBXFileReference; fileEncoding = 4; lastKnownFileType = sourcecode.c.h; name = MondoTextFieldCell.h; path = src/framework/mondoTextField/MondoTextFieldCell.h; sourceTree = "<group>"; };
		A506C70910B21D6C00EAD3C2 /* MondoTextFieldCell.m */ = {isa = PBXFileReference; fileEncoding = 4; lastKnownFileType = sourcecode.c.objc; name = MondoTextFieldCell.m; path = src/framework/mondoTextField/MondoTextFieldCell.m; sourceTree = "<group>"; };
		A506C70E10B21D7800EAD3C2 /* mondoZoomPanel.xib */ = {isa = PBXFileReference; lastKnownFileType = file.xib; name = mondoZoomPanel.xib; path = src/framework/mondoTextField/mondoZoomPanel.xib; sourceTree = "<group>"; };
		A506C72810B21D9400EAD3C2 /* MondoZoomWindowController.h */ = {isa = PBXFileReference; fileEncoding = 4; lastKnownFileType = sourcecode.c.h; name = MondoZoomWindowController.h; path = src/framework/mondoTextField/MondoZoomWindowController.h; sourceTree = "<group>"; };
		A506C72910B21D9400EAD3C2 /* MondoZoomWindowController.m */ = {isa = PBXFileReference; fileEncoding = 4; lastKnownFileType = sourcecode.c.objc; name = MondoZoomWindowController.m; path = src/framework/mondoTextField/MondoZoomWindowController.m; sourceTree = "<group>"; };
		A506C72F10B21DD700EAD3C2 /* SynthesizeSingleton.h */ = {isa = PBXFileReference; fileEncoding = 4; lastKnownFileType = sourcecode.c.h; name = SynthesizeSingleton.h; path = src/framework/mondoTextField/cocoawithlove.com/SynthesizeSingleton.h; sourceTree = "<group>"; };
		A506C73110B21DE200EAD3C2 /* NSWindow-NoodleEffects.h */ = {isa = PBXFileReference; fileEncoding = 4; lastKnownFileType = sourcecode.c.h; name = "NSWindow-NoodleEffects.h"; path = "src/framework/mondoTextField/noodlesoft.com/NSWindow-NoodleEffects.h"; sourceTree = "<group>"; };
		A506C73210B21DE200EAD3C2 /* NSWindow-NoodleEffects.m */ = {isa = PBXFileReference; fileEncoding = 4; lastKnownFileType = sourcecode.c.objc; name = "NSWindow-NoodleEffects.m"; path = "src/framework/mondoTextField/noodlesoft.com/NSWindow-NoodleEffects.m"; sourceTree = "<group>"; };
		A506C73810B21E5800EAD3C2 /* zoomFieldMini_Pressed.png */ = {isa = PBXFileReference; lastKnownFileType = image.png; name = zoomFieldMini_Pressed.png; path = src/framework/mondoTextField/zoomFieldMini_Pressed.png; sourceTree = "<group>"; };
		A506C73910B21E5800EAD3C2 /* zoomFieldMini.png */ = {isa = PBXFileReference; lastKnownFileType = image.png; name = zoomFieldMini.png; path = src/framework/mondoTextField/zoomFieldMini.png; sourceTree = "<group>"; };
		A506C73A10B21E5800EAD3C2 /* zoomFieldRegular_Pressed.png */ = {isa = PBXFileReference; lastKnownFileType = image.png; name = zoomFieldRegular_Pressed.png; path = src/framework/mondoTextField/zoomFieldRegular_Pressed.png; sourceTree = "<group>"; };
		A506C73B10B21E5800EAD3C2 /* zoomFieldRegular.png */ = {isa = PBXFileReference; lastKnownFileType = image.png; name = zoomFieldRegular.png; path = src/framework/mondoTextField/zoomFieldRegular.png; sourceTree = "<group>"; };
		A506C73C10B21E5800EAD3C2 /* zoomFieldSmall_Pressed.png */ = {isa = PBXFileReference; lastKnownFileType = image.png; name = zoomFieldSmall_Pressed.png; path = src/framework/mondoTextField/zoomFieldSmall_Pressed.png; sourceTree = "<group>"; };
		A506C73D10B21E5800EAD3C2 /* zoomFieldSmall.png */ = {isa = PBXFileReference; lastKnownFileType = image.png; name = zoomFieldSmall.png; path = src/framework/mondoTextField/zoomFieldSmall.png; sourceTree = "<group>"; };
		A506C74A10B21F9A00EAD3C2 /* Carbon.framework */ = {isa = PBXFileReference; lastKnownFileType = wrapper.framework; name = Carbon.framework; path = System/Library/Frameworks/Carbon.framework; sourceTree = SDKROOT; };
		A506C80E10B2207F00EAD3C2 /* MondoTextFieldIBIcon.png */ = {isa = PBXFileReference; lastKnownFileType = image.png; name = MondoTextFieldIBIcon.png; path = src/Plugin/images/MondoTextFieldIBIcon.png; sourceTree = "<group>"; };
		A506C82110B2235200EAD3C2 /* MondoTextField.classdescription */ = {isa = PBXFileReference; fileEncoding = 4; lastKnownFileType = text.plist.ibClassDescription; name = MondoTextField.classdescription; path = src/Plugin/MondoTextField.classdescription; sourceTree = "<group>"; };
		A54993A710B99181002DB989 /* Test10.5App.app */ = {isa = PBXFileReference; explicitFileType = wrapper.application; includeInIndex = 0; path = Test10.5App.app; sourceTree = BUILT_PRODUCTS_DIR; };
		A54993A910B99181002DB989 /* Test10.5App-Info.plist */ = {isa = PBXFileReference; lastKnownFileType = text.plist.xml; name = "Test10.5App-Info.plist"; path = "test/Test10.5App-Info.plist"; sourceTree = "<group>"; };
		A54993B110B9919B002DB989 /* Test10.6App.app */ = {isa = PBXFileReference; explicitFileType = wrapper.application; includeInIndex = 0; path = Test10.6App.app; sourceTree = BUILT_PRODUCTS_DIR; };
		A54993B310B9919B002DB989 /* Test10.6App-Info.plist */ = {isa = PBXFileReference; lastKnownFileType = text.plist.xml; name = "Test10.6App-Info.plist"; path = "test/Test10.6App-Info.plist"; sourceTree = "<group>"; };
		A54993B710B991B0002DB989 /* test_Prefix.pch */ = {isa = PBXFileReference; fileEncoding = 4; lastKnownFileType = sourcecode.c.h; name = test_Prefix.pch; path = test/test_Prefix.pch; sourceTree = "<group>"; };
		A54993B810B991BF002DB989 /* testAppDelegate.h */ = {isa = PBXFileReference; fileEncoding = 4; lastKnownFileType = sourcecode.c.h; name = testAppDelegate.h; path = test/src/testAppDelegate.h; sourceTree = "<group>"; };
		A54993BA10B991D3002DB989 /* testAppDelegate.m */ = {isa = PBXFileReference; fileEncoding = 4; lastKnownFileType = sourcecode.c.objc; name = testAppDelegate.m; path = test/src/testAppDelegate.m; sourceTree = "<group>"; };
		A54993BF10B99260002DB989 /* main.m */ = {isa = PBXFileReference; fileEncoding = 4; lastKnownFileType = sourcecode.c.objc; name = main.m; path = test/src/main.m; sourceTree = "<group>"; };
		A54993C310B992A2002DB989 /* English */ = {isa = PBXFileReference; fileEncoding = 4; lastKnownFileType = text.plist.strings; name = English; path = test/English.lproj/InfoPlist.strings; sourceTree = "<group>"; };
		A549947C10B9FE1C002DB989 /* MondoTextFieldIntegration.m */ = {isa = PBXFileReference; fileEncoding = 4; lastKnownFileType = sourcecode.c.objc; name = MondoTextFieldIntegration.m; path = src/Plugin/MondoTextFieldIntegration.m; sourceTree = "<group>"; };
		A549948510BA00E3002DB989 /* MondoTextFieldInspector.h */ = {isa = PBXFileReference; fileEncoding = 4; lastKnownFileType = sourcecode.c.h; name = MondoTextFieldInspector.h; path = src/Plugin/MondoTextFieldInspector.h; sourceTree = "<group>"; };
		A549948610BA00E3002DB989 /* MondoTextFieldInspector.m */ = {isa = PBXFileReference; fileEncoding = 4; lastKnownFileType = sourcecode.c.objc; name = MondoTextFieldInspector.m; path = src/Plugin/MondoTextFieldInspector.m; sourceTree = "<group>"; };
		A54995E710BF3423002DB989 /* Cocoa.framework */ = {isa = PBXFileReference; lastKnownFileType = wrapper.framework; name = Cocoa.framework; path = System/Library/Frameworks/Cocoa.framework; sourceTree = SDKROOT; };
		A549975010BF4052002DB989 /* English */ = {isa = PBXFileReference; lastKnownFileType = file.xib; name = English; path = test/English.lproj/MainMenu.xib; sourceTree = "<group>"; };
		A549982910C19FCF002DB989 /* CocoaMondoKit.h */ = {isa = PBXFileReference; fileEncoding = 4; lastKnownFileType = sourcecode.c.h; name = CocoaMondoKit.h; path = src/framework/CocoaMondoKit.h; sourceTree = "<group>"; };
		A5499AC910C2F60F002DB989 /* ExceptionHandling.framework */ = {isa = PBXFileReference; lastKnownFileType = wrapper.framework; name = ExceptionHandling.framework; path = System/Library/Frameworks/ExceptionHandling.framework; sourceTree = SDKROOT; };
		A5EFB8A610CDC908009EFCEB /* MondoSwitch.h */ = {isa = PBXFileReference; fileEncoding = 4; lastKnownFileType = sourcecode.c.h; name = MondoSwitch.h; path = src/framework/mondoSwitch/MondoSwitch.h; sourceTree = "<group>"; };
		A5EFB8A710CDC908009EFCEB /* MondoSwitch.m */ = {isa = PBXFileReference; fileEncoding = 4; lastKnownFileType = sourcecode.c.objc; name = MondoSwitch.m; path = src/framework/mondoSwitch/MondoSwitch.m; sourceTree = "<group>"; };
		A5EFB92F10CF0C79009EFCEB /* MondoSwitchButtonCALayer.h */ = {isa = PBXFileReference; fileEncoding = 4; lastKnownFileType = sourcecode.c.h; name = MondoSwitchButtonCALayer.h; path = src/framework/mondoSwitch/MondoSwitchButtonCALayer.h; sourceTree = "<group>"; };
		A5EFB93010CF0C79009EFCEB /* MondoSwitchButtonCALayer.m */ = {isa = PBXFileReference; fileEncoding = 4; lastKnownFileType = sourcecode.c.objc; name = MondoSwitchButtonCALayer.m; path = src/framework/mondoSwitch/MondoSwitchButtonCALayer.m; sourceTree = "<group>"; };
		A5EFB93910CF2444009EFCEB /* QuartzCore.framework */ = {isa = PBXFileReference; lastKnownFileType = wrapper.framework; name = QuartzCore.framework; path = System/Library/Frameworks/QuartzCore.framework; sourceTree = SDKROOT; };
		A5EFB97E10CF2574009EFCEB /* PPCommon.h */ = {isa = PBXFileReference; fileEncoding = 4; lastKnownFileType = sourcecode.c.h; name = PPCommon.h; path = src/framework/PPCommon.h; sourceTree = "<group>"; };
		A5EFBC3210D1C3DC009EFCEB /* PPCommon.m */ = {isa = PBXFileReference; fileEncoding = 4; lastKnownFileType = sourcecode.c.objc; name = PPCommon.m; path = src/framework/PPCommon.m; sourceTree = "<group>"; };
		A5EFBCB510D316DF009EFCEB /* MondoSwitchButtonCALayer_Private.h */ = {isa = PBXFileReference; fileEncoding = 4; lastKnownFileType = sourcecode.c.h; name = MondoSwitchButtonCALayer_Private.h; path = src/framework/mondoSwitch/MondoSwitchButtonCALayer_Private.h; sourceTree = "<group>"; };
		A5EFBCBD10D31743009EFCEB /* MondoSwitch_Private.h */ = {isa = PBXFileReference; fileEncoding = 4; lastKnownFileType = sourcecode.c.h; name = MondoSwitch_Private.h; path = src/framework/mondoSwitch/MondoSwitch_Private.h; sourceTree = "<group>"; };
		A5EFBDF010D529D1009EFCEB /* Controller.h */ = {isa = PBXFileReference; fileEncoding = 4; lastKnownFileType = sourcecode.c.h; name = Controller.h; path = test/src/Controller.h; sourceTree = "<group>"; };
		A5EFBDF110D529D1009EFCEB /* Controller.m */ = {isa = PBXFileReference; fileEncoding = 4; lastKnownFileType = sourcecode.c.objc; name = Controller.m; path = test/src/Controller.m; sourceTree = "<group>"; };
		A5EFBE3810D55B53009EFCEB /* MondoSwitch.classdescription */ = {isa = PBXFileReference; fileEncoding = 4; lastKnownFileType = text.plist.ibClassDescription; name = MondoSwitch.classdescription; path = src/Plugin/MondoSwitch.classdescription; sourceTree = "<group>"; };
		A5EFBE4110D55D25009EFCEB /* MondoSwitchIBIcon.png */ = {isa = PBXFileReference; lastKnownFileType = image.png; name = MondoSwitchIBIcon.png; path = src/Plugin/images/MondoSwitchIBIcon.png; sourceTree = "<group>"; };
		A5EFBE5010D55F5F009EFCEB /* MondoSwitchIntegration.m */ = {isa = PBXFileReference; fileEncoding = 4; lastKnownFileType = sourcecode.c.objc; name = MondoSwitchIntegration.m; path = src/Plugin/MondoSwitchIntegration.m; sourceTree = "<group>"; };
		C05B20D80A48CB530099B9E5 /* MondoTextFieldInspector.xib */ = {isa = PBXFileReference; fileEncoding = 30; lastKnownFileType = file.xib; name = MondoTextFieldInspector.xib; path = English.lproj/MondoTextFieldInspector.xib; sourceTree = "<group>"; };
		C0D069550A49DF9100C95564 /* InterfaceBuilderKit.framework */ = {isa = PBXFileReference; lastKnownFileType = wrapper.framework; name = InterfaceBuilderKit.framework; path = /Developer/Library/Frameworks/InterfaceBuilderKit.framework; sourceTree = "<absolute>"; };
		D1AEDE460A6C289C0010C343 /* CocoaMondoKitLibrary.nib */ = {isa = PBXFileReference; lastKnownFileType = wrapper.nib; name = CocoaMondoKitLibrary.nib; path = English.lproj/CocoaMondoKitLibrary.nib; sourceTree = "<group>"; };
		DD92D38A0106425D02CA0E72 /* Cocoa.framework */ = {isa = PBXFileReference; lastKnownFileType = wrapper.framework; name = Cocoa.framework; path = /System/Library/Frameworks/Cocoa.framework; sourceTree = "<absolute>"; };
/* End PBXFileReference section */

/* Begin PBXFrameworksBuildPhase section */
		53DF68FB067E5B5A0090B5B0 /* Frameworks */ = {
			isa = PBXFrameworksBuildPhase;
			buildActionMask = 2147483647;
			files = (
				13F8B89007B43554008AE28D /* Cocoa.framework in Frameworks */,
				A506C74D10B21FA500EAD3C2 /* Carbon.framework in Frameworks */,
				A5499AD210C2F63D002DB989 /* ExceptionHandling.framework in Frameworks */,
				A5EFB93F10CF244E009EFCEB /* QuartzCore.framework in Frameworks */,
			);
			runOnlyForDeploymentPostprocessing = 0;
		};
		8D1AC96E0486D14A00FE50C9 /* Frameworks */ = {
			isa = PBXFrameworksBuildPhase;
			buildActionMask = 2147483647;
			files = (
				8D1AC9700486D14A00FE50C9 /* Cocoa.framework in Frameworks */,
				A506C64310B05B1800EAD3C2 /* CocoaMondoKit.framework in Frameworks */,
				A54992D310B860A3002DB989 /* InterfaceBuilderKit.framework in Frameworks */,
				A5499ACD10C2F62D002DB989 /* ExceptionHandling.framework in Frameworks */,
			);
			runOnlyForDeploymentPostprocessing = 0;
		};
		A54993A510B99181002DB989 /* Frameworks */ = {
			isa = PBXFrameworksBuildPhase;
			buildActionMask = 2147483647;
			files = (
				A54993CA10B99321002DB989 /* Cocoa.framework in Frameworks */,
				A54993EC10B99578002DB989 /* CocoaMondoKit.framework in Frameworks */,
				A5499ACA10C2F60F002DB989 /* ExceptionHandling.framework in Frameworks */,
				A5EFB94010CF2450009EFCEB /* QuartzCore.framework in Frameworks */,
			);
			runOnlyForDeploymentPostprocessing = 0;
		};
		A54993AF10B9919B002DB989 /* Frameworks */ = {
			isa = PBXFrameworksBuildPhase;
			buildActionMask = 2147483647;
			files = (
				A54993CB10B99323002DB989 /* Cocoa.framework in Frameworks */,
				A549944A10B99A74002DB989 /* CocoaMondoKit.framework in Frameworks */,
				A5EFB94110CF2451009EFCEB /* QuartzCore.framework in Frameworks */,
			);
			runOnlyForDeploymentPostprocessing = 0;
		};
/* End PBXFrameworksBuildPhase section */

/* Begin PBXGroup section */
		0259C574FE90428111CA0C5A /* CocoaMondoKit */ = {
			isa = PBXGroup;
			children = (
				32DBCF9E0370C38000C91783 /* Plugin */,
				54D33B2C06778E4400C9C163 /* Framework */,
				A54993A110B9911A002DB989 /* Test */,
				1ED78706FE9D4A0611CA0C5A /* Products */,
				2E58F364FFB232C311CA0CBA /* Frameworks */,
				A54995E710BF3423002DB989 /* Cocoa.framework */,
			);
			name = CocoaMondoKit;
			sourceTree = "<group>";
		};
		131E8FE8067F80F40006E0CE /* Resources */ = {
			isa = PBXGroup;
			children = (
				8D1AC97F0486D23B00FE50C9 /* InfoPlist.strings */,
				8D1AC9730486D14A00FE50C9 /* Info.plist */,
				A506C80D10B2206A00EAD3C2 /* images */,
				D1AEDE460A6C289C0010C343 /* CocoaMondoKitLibrary.nib */,
				C05B20D80A48CB530099B9E5 /* MondoTextFieldInspector.xib */,
			);
			name = Resources;
			sourceTree = "<group>";
		};
		13F8B6FD07B43410008AE28D /* Linked Frameworks */ = {
			isa = PBXGroup;
			children = (
				DD92D38A0106425D02CA0E72 /* Cocoa.framework */,
				C0D069550A49DF9100C95564 /* InterfaceBuilderKit.framework */,
				A506C74A10B21F9A00EAD3C2 /* Carbon.framework */,
				A5499AC910C2F60F002DB989 /* ExceptionHandling.framework */,
			);
			name = "Linked Frameworks";
			sourceTree = "<group>";
		};
		13F8B70407B43425008AE28D /* Other Frameworks */ = {
			isa = PBXGroup;
			children = (
				13F8B88807B434F6008AE28D /* AppKit.framework */,
				13F8B88907B434F6008AE28D /* CoreData.framework */,
				13F8B88A07B434F6008AE28D /* Foundation.framework */,
				A5EFB93910CF2444009EFCEB /* QuartzCore.framework */,
			);
			name = "Other Frameworks";
			sourceTree = "<group>";
		};
		1ED78706FE9D4A0611CA0C5A /* Products */ = {
			isa = PBXGroup;
			children = (
				8D1AC9740486D14A00FE50C9 /* CocoaMondoKit.ibplugin */,
				53DF68FD067E5B5A0090B5B0 /* CocoaMondoKit.framework */,
				A54993A710B99181002DB989 /* Test10.5App.app */,
				A54993B110B9919B002DB989 /* Test10.6App.app */,
			);
			name = Products;
			sourceTree = "<group>";
		};
		2E58F364FFB232C311CA0CBA /* Frameworks */ = {
			isa = PBXGroup;
			children = (
				13F8B6FD07B43410008AE28D /* Linked Frameworks */,
				13F8B70407B43425008AE28D /* Other Frameworks */,
			);
			name = Frameworks;
			sourceTree = "<group>";
		};
		32DBCF9E0370C38000C91783 /* Plugin */ = {
			isa = PBXGroup;
			children = (
				54D33B2406778DD400C9C163 /* Class Descriptions */,
				54D33B2506778DF000C9C163 /* Classes */,
				32DBCF9F0370C38200C91783 /* Other Sources */,
				131E8FE8067F80F40006E0CE /* Resources */,
			);
			name = Plugin;
			sourceTree = "<group>";
		};
		32DBCF9F0370C38200C91783 /* Other Sources */ = {
			isa = PBXGroup;
			children = (
				32DBCF980370C29C00C91783 /* CocoaMondoKit_Prefix.pch */,
			);
			name = "Other Sources";
			sourceTree = "<group>";
		};
		54D33B2406778DD400C9C163 /* Class Descriptions */ = {
			isa = PBXGroup;
			children = (
				A5EFBE3810D55B53009EFCEB /* MondoSwitch.classdescription */,
				A506C82110B2235200EAD3C2 /* MondoTextField.classdescription */,
			);
			name = "Class Descriptions";
			sourceTree = "<group>";
		};
		54D33B2506778DF000C9C163 /* Classes */ = {
			isa = PBXGroup;
			children = (
				0259C57AFE90428111CA0C5A /* CocoaMondoKit.h */,
				0259C576FE90428111CA0C5A /* CocoaMondoKit.m */,
				0259C57BFE90428111CA0C5A /* CocoaMondoKitInspector.h */,
				A549947C10B9FE1C002DB989 /* MondoTextFieldIntegration.m */,
				A549948510BA00E3002DB989 /* MondoTextFieldInspector.h */,
				A549948610BA00E3002DB989 /* MondoTextFieldInspector.m */,
				A5EFBE5010D55F5F009EFCEB /* MondoSwitchIntegration.m */,
			);
			name = Classes;
			sourceTree = "<group>";
		};
		54D33B2C06778E4400C9C163 /* Framework */ = {
			isa = PBXGroup;
			children = (
				C0894DA40C32F4C100401507 /* Classes */,
				A549983710C1A117002DB989 /* Resources */,
			);
			name = Framework;
			sourceTree = "<group>";
		};
		A506C70410B21D5500EAD3C2 /* mondoTextField */ = {
			isa = PBXGroup;
			children = (
				A506C72C10B21DB200EAD3C2 /* cocoawithlove.com */,
				A506C72D10B21DC400EAD3C2 /* noodlesoft.com */,
				A506C70610B21D6C00EAD3C2 /* MondoTextField.h */,
				A506C70710B21D6C00EAD3C2 /* MondoTextField.m */,
				A506C70810B21D6C00EAD3C2 /* MondoTextFieldCell.h */,
				A506C70910B21D6C00EAD3C2 /* MondoTextFieldCell.m */,
				A506C72810B21D9400EAD3C2 /* MondoZoomWindowController.h */,
				A506C72910B21D9400EAD3C2 /* MondoZoomWindowController.m */,
			);
			name = mondoTextField;
			sourceTree = "<group>";
		};
		A506C72C10B21DB200EAD3C2 /* cocoawithlove.com */ = {
			isa = PBXGroup;
			children = (
				A506C72F10B21DD700EAD3C2 /* SynthesizeSingleton.h */,
			);
			name = cocoawithlove.com;
			sourceTree = "<group>";
		};
		A506C72D10B21DC400EAD3C2 /* noodlesoft.com */ = {
			isa = PBXGroup;
			children = (
				A506C73110B21DE200EAD3C2 /* NSWindow-NoodleEffects.h */,
				A506C73210B21DE200EAD3C2 /* NSWindow-NoodleEffects.m */,
			);
			name = noodlesoft.com;
			sourceTree = "<group>";
		};
		A506C73610B21E2B00EAD3C2 /* images */ = {
			isa = PBXGroup;
			children = (
				A506C73810B21E5800EAD3C2 /* zoomFieldMini_Pressed.png */,
				A506C73910B21E5800EAD3C2 /* zoomFieldMini.png */,
				A506C73A10B21E5800EAD3C2 /* zoomFieldRegular_Pressed.png */,
				A506C73B10B21E5800EAD3C2 /* zoomFieldRegular.png */,
				A506C73C10B21E5800EAD3C2 /* zoomFieldSmall_Pressed.png */,
				A506C73D10B21E5800EAD3C2 /* zoomFieldSmall.png */,
			);
			name = images;
			sourceTree = "<group>";
		};
		A506C80D10B2206A00EAD3C2 /* images */ = {
			isa = PBXGroup;
			children = (
				A506C80E10B2207F00EAD3C2 /* MondoTextFieldIBIcon.png */,
				A5EFBE4110D55D25009EFCEB /* MondoSwitchIBIcon.png */,
			);
			name = images;
			sourceTree = "<group>";
		};
		A54993A110B9911A002DB989 /* Test */ = {
			isa = PBXGroup;
			children = (
				A54993A210B9914E002DB989 /* Headers */,
				A54993B910B991C5002DB989 /* Classes */,
				A54993BE10B99208002DB989 /* Other Sources */,
			);
			name = Test;
			sourceTree = "<group>";
		};
		A54993A210B9914E002DB989 /* Headers */ = {
			isa = PBXGroup;
			children = (
				A5EFBDF010D529D1009EFCEB /* Controller.h */,
				A54993B710B991B0002DB989 /* test_Prefix.pch */,
				A54993B810B991BF002DB989 /* testAppDelegate.h */,
			);
			name = Headers;
			sourceTree = "<group>";
		};
		A54993B910B991C5002DB989 /* Classes */ = {
			isa = PBXGroup;
			children = (
				A54993BA10B991D3002DB989 /* testAppDelegate.m */,
				A5EFBDF110D529D1009EFCEB /* Controller.m */,
			);
			name = Classes;
			sourceTree = "<group>";
		};
		A54993BD10B991FC002DB989 /* Resources */ = {
			isa = PBXGroup;
			children = (
				A549974F10BF4052002DB989 /* MainMenu.xib */,
				A54993C210B992A2002DB989 /* InfoPlist.strings */,
				A54993A910B99181002DB989 /* Test10.5App-Info.plist */,
				A54993B310B9919B002DB989 /* Test10.6App-Info.plist */,
			);
			name = Resources;
			sourceTree = "<group>";
		};
		A54993BE10B99208002DB989 /* Other Sources */ = {
			isa = PBXGroup;
			children = (
				A54993BD10B991FC002DB989 /* Resources */,
				A54993BF10B99260002DB989 /* main.m */,
			);
			name = "Other Sources";
			sourceTree = "<group>";
		};
		A549983710C1A117002DB989 /* Resources */ = {
			isa = PBXGroup;
			children = (
				53DF68FE067E5B5A0090B5B0 /* CocoaMondoKit-Info.plist */,
				A506C73610B21E2B00EAD3C2 /* images */,
				A506C70E10B21D7800EAD3C2 /* mondoZoomPanel.xib */,
			);
			name = Resources;
			sourceTree = "<group>";
		};
		A5EFB8A510CDC88E009EFCEB /* mondoSwitch */ = {
			isa = PBXGroup;
			children = (
				A5EFBCBD10D31743009EFCEB /* MondoSwitch_Private.h */,
				A5EFB8A610CDC908009EFCEB /* MondoSwitch.h */,
				A5EFB8A710CDC908009EFCEB /* MondoSwitch.m */,
				A5EFB92F10CF0C79009EFCEB /* MondoSwitchButtonCALayer.h */,
				A5EFB93010CF0C79009EFCEB /* MondoSwitchButtonCALayer.m */,
				A5EFBCB510D316DF009EFCEB /* MondoSwitchButtonCALayer_Private.h */,
			);
			name = mondoSwitch;
			sourceTree = "<group>";
		};
		C0894DA40C32F4C100401507 /* Classes */ = {
			isa = PBXGroup;
			children = (
				A5EFB8A510CDC88E009EFCEB /* mondoSwitch */,
				A506C70410B21D5500EAD3C2 /* mondoTextField */,
				A549982910C19FCF002DB989 /* CocoaMondoKit.h */,
				A5EFB97E10CF2574009EFCEB /* PPCommon.h */,
				A5EFBC3210D1C3DC009EFCEB /* PPCommon.m */,
			);
			name = Classes;
			sourceTree = "<group>";
		};
/* End PBXGroup section */

/* Begin PBXHeadersBuildPhase section */
		A549955B10BB535F002DB989 /* Headers */ = {
			isa = PBXHeadersBuildPhase;
			buildActionMask = 2147483647;
			files = (
				A549953610BB5141002DB989 /* MondoTextField.h in Headers */,
				A549982A10C19FCF002DB989 /* CocoaMondoKit.h in Headers */,
				A5EFB8A910CDC908009EFCEB /* MondoSwitch.h in Headers */,
				A5EFB93110CF0C79009EFCEB /* MondoSwitchButtonCALayer.h in Headers */,
				A5EFB97F10CF2574009EFCEB /* PPCommon.h in Headers */,
				A5EFBCB610D316DF009EFCEB /* MondoSwitchButtonCALayer_Private.h in Headers */,
				A5EFBCBE10D31743009EFCEB /* MondoSwitch_Private.h in Headers */,
				A5EFBDF210D529D1009EFCEB /* Controller.h in Headers */,
			);
			runOnlyForDeploymentPostprocessing = 0;
		};
/* End PBXHeadersBuildPhase section */

/* Begin PBXNativeTarget section */
		53DF68FC067E5B5A0090B5B0 /* CocoaMondoKitFramework */ = {
			isa = PBXNativeTarget;
			buildConfigurationList = C056397F08A954F8003078D8 /* Build configuration list for PBXNativeTarget "CocoaMondoKitFramework" */;
			buildPhases = (
				A549955B10BB535F002DB989 /* Headers */,
				53DF68F9067E5B5A0090B5B0 /* Resources */,
				53DF68FA067E5B5A0090B5B0 /* Sources */,
				53DF68FB067E5B5A0090B5B0 /* Frameworks */,
			);
			buildRules = (
			);
			dependencies = (
			);
			name = CocoaMondoKitFramework;
			productName = CocoaMondoKitFramework;
			productReference = 53DF68FD067E5B5A0090B5B0 /* CocoaMondoKit.framework */;
			productType = "com.apple.product-type.framework";
		};
		8D1AC9600486D14A00FE50C9 /* CocoaMondoKit */ = {
			isa = PBXNativeTarget;
			buildConfigurationList = C056398308A954F8003078D8 /* Build configuration list for PBXNativeTarget "CocoaMondoKit" */;
			buildPhases = (
				8D1AC9660486D14A00FE50C9 /* Resources */,
				8D1AC96A0486D14A00FE50C9 /* Sources */,
				8D1AC96E0486D14A00FE50C9 /* Frameworks */,
				A54992D910B8615F002DB989 /* Copy Frameworks */,
			);
			buildRules = (
			);
			dependencies = (
				A54992DB10B86195002DB989 /* PBXTargetDependency */,
			);
			name = CocoaMondoKit;
			productInstallPath = "$(HOME)/Developer/Palettes";
			productName = CocoaMondoKit;
			productReference = 8D1AC9740486D14A00FE50C9 /* CocoaMondoKit.ibplugin */;
			productType = "com.apple.product-type.bundle";
		};
		A54993A610B99181002DB989 /* Test10.5App */ = {
			isa = PBXNativeTarget;
			buildConfigurationList = A54993AC10B99182002DB989 /* Build configuration list for PBXNativeTarget "Test10.5App" */;
			buildPhases = (
				A54993A310B99181002DB989 /* Resources */,
				A54993A410B99181002DB989 /* Sources */,
				A54993A510B99181002DB989 /* Frameworks */,
				A54993FA10B99608002DB989 /* CopyFiles */,
			);
			buildRules = (
			);
			dependencies = (
				A54993CD10B99345002DB989 /* PBXTargetDependency */,
				A54993F410B995AD002DB989 /* PBXTargetDependency */,
			);
			name = Test10.5App;
			productName = Test10.5App;
			productReference = A54993A710B99181002DB989 /* Test10.5App.app */;
			productType = "com.apple.product-type.application";
		};
		A54993B010B9919B002DB989 /* Test10.6App */ = {
			isa = PBXNativeTarget;
			buildConfigurationList = A54993B610B9919C002DB989 /* Build configuration list for PBXNativeTarget "Test10.6App" */;
			buildPhases = (
				A54993AD10B9919B002DB989 /* Resources */,
				A54993AE10B9919B002DB989 /* Sources */,
				A54993AF10B9919B002DB989 /* Frameworks */,
				A549944F10B99BF5002DB989 /* CopyFiles */,
			);
			buildRules = (
			);
			dependencies = (
				A549944710B99A6A002DB989 /* PBXTargetDependency */,
				A549944910B99A6F002DB989 /* PBXTargetDependency */,
			);
			name = Test10.6App;
			productName = Test10.6App;
			productReference = A54993B110B9919B002DB989 /* Test10.6App.app */;
			productType = "com.apple.product-type.application";
		};
/* End PBXNativeTarget section */

/* Begin PBXProject section */
		0259C573FE90428111CA0C5A /* Project object */ = {
			isa = PBXProject;
			attributes = {
				BuildIndependentTargetsInParallel = NO;
			};
			buildConfigurationList = C056398B08A954F8003078D8 /* Build configuration list for PBXProject "CocoaMondoKit" */;
			compatibilityVersion = "Xcode 3.1";
			hasScannedForEncodings = 1;
			mainGroup = 0259C574FE90428111CA0C5A /* CocoaMondoKit */;
			projectDirPath = "";
			projectRoot = "";
			targets = (
				53DF6901067E5B8E0090B5B0 /* All */,
				8D1AC9600486D14A00FE50C9 /* CocoaMondoKit */,
				53DF68FC067E5B5A0090B5B0 /* CocoaMondoKitFramework */,
				A54993A610B99181002DB989 /* Test10.5App */,
				A54993B010B9919B002DB989 /* Test10.6App */,
			);
		};
/* End PBXProject section */

/* Begin PBXResourcesBuildPhase section */
		53DF68F9067E5B5A0090B5B0 /* Resources */ = {
			isa = PBXResourcesBuildPhase;
			buildActionMask = 2147483647;
			files = (
				A506C70F10B21D7800EAD3C2 /* mondoZoomPanel.xib in Resources */,
				A506C73E10B21E5800EAD3C2 /* zoomFieldMini_Pressed.png in Resources */,
				A506C73F10B21E5800EAD3C2 /* zoomFieldMini.png in Resources */,
				A506C74010B21E5800EAD3C2 /* zoomFieldRegular_Pressed.png in Resources */,
				A506C74110B21E5800EAD3C2 /* zoomFieldRegular.png in Resources */,
				A506C74210B21E5800EAD3C2 /* zoomFieldSmall_Pressed.png in Resources */,
				A506C74310B21E5800EAD3C2 /* zoomFieldSmall.png in Resources */,
			);
			runOnlyForDeploymentPostprocessing = 0;
		};
		8D1AC9660486D14A00FE50C9 /* Resources */ = {
			isa = PBXResourcesBuildPhase;
			buildActionMask = 2147483647;
			files = (
				8D1AC9800486D23B00FE50C9 /* InfoPlist.strings in Resources */,
				C0A47C500A523B730004BDC3 /* MondoTextFieldInspector.xib in Resources */,
				D1AEDE470A6C289C0010C343 /* CocoaMondoKitLibrary.nib in Resources */,
				A506C80F10B2207F00EAD3C2 /* MondoTextFieldIBIcon.png in Resources */,
				A506C82210B2235200EAD3C2 /* MondoTextField.classdescription in Resources */,
				A5EFBE3910D55B53009EFCEB /* MondoSwitch.classdescription in Resources */,
				A5EFBE4210D55D25009EFCEB /* MondoSwitchIBIcon.png in Resources */,
			);
			runOnlyForDeploymentPostprocessing = 0;
		};
		A54993A310B99181002DB989 /* Resources */ = {
			isa = PBXResourcesBuildPhase;
			buildActionMask = 2147483647;
			files = (
				A54993C610B992A2002DB989 /* InfoPlist.strings in Resources */,
				A549975210BF4052002DB989 /* MainMenu.xib in Resources */,
			);
			runOnlyForDeploymentPostprocessing = 0;
		};
		A54993AD10B9919B002DB989 /* Resources */ = {
			isa = PBXResourcesBuildPhase;
			buildActionMask = 2147483647;
			files = (
				A54993C810B992A2002DB989 /* InfoPlist.strings in Resources */,
				A549975110BF4052002DB989 /* MainMenu.xib in Resources */,
			);
			runOnlyForDeploymentPostprocessing = 0;
		};
/* End PBXResourcesBuildPhase section */

/* Begin PBXSourcesBuildPhase section */
		53DF68FA067E5B5A0090B5B0 /* Sources */ = {
			isa = PBXSourcesBuildPhase;
			buildActionMask = 2147483647;
			files = (
				A506C70B10B21D6C00EAD3C2 /* MondoTextField.m in Sources */,
				A506C70D10B21D6C00EAD3C2 /* MondoTextFieldCell.m in Sources */,
				A506C72B10B21D9400EAD3C2 /* MondoZoomWindowController.m in Sources */,
				A506C73410B21DE200EAD3C2 /* NSWindow-NoodleEffects.m in Sources */,
				A5EFB8B410CDCA74009EFCEB /* MondoSwitch.m in Sources */,
				A5EFB93210CF0C79009EFCEB /* MondoSwitchButtonCALayer.m in Sources */,
				A5EFBC3310D1C3DC009EFCEB /* PPCommon.m in Sources */,
				A5EFBDF310D529D1009EFCEB /* Controller.m in Sources */,
			);
			runOnlyForDeploymentPostprocessing = 0;
		};
		8D1AC96A0486D14A00FE50C9 /* Sources */ = {
			isa = PBXSourcesBuildPhase;
			buildActionMask = 2147483647;
			files = (
				C08787290A49DE9A00E9B151 /* CocoaMondoKit.m in Sources */,
				A549947D10B9FE1C002DB989 /* MondoTextFieldIntegration.m in Sources */,
				A549948710BA00E3002DB989 /* MondoTextFieldInspector.m in Sources */,
				A5EFBE5110D55F5F009EFCEB /* MondoSwitchIntegration.m in Sources */,
			);
			runOnlyForDeploymentPostprocessing = 0;
		};
		A54993A410B99181002DB989 /* Sources */ = {
			isa = PBXSourcesBuildPhase;
			buildActionMask = 2147483647;
			files = (
				A54993BB10B991D3002DB989 /* testAppDelegate.m in Sources */,
				A54993C010B99260002DB989 /* main.m in Sources */,
			);
			runOnlyForDeploymentPostprocessing = 0;
		};
		A54993AE10B9919B002DB989 /* Sources */ = {
			isa = PBXSourcesBuildPhase;
			buildActionMask = 2147483647;
			files = (
				A54993BC10B991D3002DB989 /* testAppDelegate.m in Sources */,
				A54993C110B99260002DB989 /* main.m in Sources */,
			);
			runOnlyForDeploymentPostprocessing = 0;
		};
/* End PBXSourcesBuildPhase section */

/* Begin PBXTargetDependency section */
		53DF6903067E5B930090B5B0 /* PBXTargetDependency */ = {
			isa = PBXTargetDependency;
			target = 8D1AC9600486D14A00FE50C9 /* CocoaMondoKit */;
			targetProxy = 53DF6902067E5B930090B5B0 /* PBXContainerItemProxy */;
		};
		53DF6905067E5B930090B5B0 /* PBXTargetDependency */ = {
			isa = PBXTargetDependency;
			target = 53DF68FC067E5B5A0090B5B0 /* CocoaMondoKitFramework */;
			targetProxy = 53DF6904067E5B930090B5B0 /* PBXContainerItemProxy */;
		};
		A54992DB10B86195002DB989 /* PBXTargetDependency */ = {
			isa = PBXTargetDependency;
			target = 53DF68FC067E5B5A0090B5B0 /* CocoaMondoKitFramework */;
			targetProxy = A54992DA10B86195002DB989 /* PBXContainerItemProxy */;
		};
		A54993CD10B99345002DB989 /* PBXTargetDependency */ = {
			isa = PBXTargetDependency;
			target = 53DF68FC067E5B5A0090B5B0 /* CocoaMondoKitFramework */;
			targetProxy = A54993CC10B99345002DB989 /* PBXContainerItemProxy */;
		};
		A54993F410B995AD002DB989 /* PBXTargetDependency */ = {
			isa = PBXTargetDependency;
			target = 8D1AC9600486D14A00FE50C9 /* CocoaMondoKit */;
			targetProxy = A54993F310B995AD002DB989 /* PBXContainerItemProxy */;
		};
		A549944710B99A6A002DB989 /* PBXTargetDependency */ = {
			isa = PBXTargetDependency;
			target = 8D1AC9600486D14A00FE50C9 /* CocoaMondoKit */;
			targetProxy = A549944610B99A6A002DB989 /* PBXContainerItemProxy */;
		};
		A549944910B99A6F002DB989 /* PBXTargetDependency */ = {
			isa = PBXTargetDependency;
			target = 53DF68FC067E5B5A0090B5B0 /* CocoaMondoKitFramework */;
			targetProxy = A549944810B99A6F002DB989 /* PBXContainerItemProxy */;
		};
/* End PBXTargetDependency section */

/* Begin PBXVariantGroup section */
		8D1AC97F0486D23B00FE50C9 /* InfoPlist.strings */ = {
			isa = PBXVariantGroup;
			children = (
				8D1AC97B0486D23100FE50C9 /* English */,
			);
			name = InfoPlist.strings;
			sourceTree = "<group>";
		};
		A54993C210B992A2002DB989 /* InfoPlist.strings */ = {
			isa = PBXVariantGroup;
			children = (
				A54993C310B992A2002DB989 /* English */,
			);
			name = InfoPlist.strings;
			sourceTree = "<group>";
		};
		A549974F10BF4052002DB989 /* MainMenu.xib */ = {
			isa = PBXVariantGroup;
			children = (
				A549975010BF4052002DB989 /* English */,
			);
			name = MainMenu.xib;
			sourceTree = "<group>";
		};
/* End PBXVariantGroup section */

/* Begin XCBuildConfiguration section */
		A54993AA10B99182002DB989 /* Debug */ = {
			isa = XCBuildConfiguration;
			buildSettings = {
				ALWAYS_SEARCH_USER_PATHS = NO;
				COPY_PHASE_STRIP = NO;
				GCC_DYNAMIC_NO_PIC = NO;
				GCC_ENABLE_FIX_AND_CONTINUE = YES;
				GCC_MODEL_TUNING = G5;
				GCC_OPTIMIZATION_LEVEL = 0;
				GCC_PRECOMPILE_PREFIX_HEADER = YES;
				GCC_PREFIX_HEADER = "$(SYSTEM_LIBRARY_DIR)/Frameworks/AppKit.framework/Headers/AppKit.h";
				INFOPLIST_FILE = "Test10.5App-Info.plist";
				INSTALL_PATH = "$(HOME)/Applications";
				OTHER_LDFLAGS = (
					"-framework",
					Foundation,
					"-framework",
					AppKit,
				);
				PREBINDING = NO;
				PRODUCT_NAME = Test10.5App;
			};
			name = Debug;
		};
		A54993AB10B99182002DB989 /* Release */ = {
			isa = XCBuildConfiguration;
			buildSettings = {
				ALWAYS_SEARCH_USER_PATHS = NO;
				COPY_PHASE_STRIP = YES;
				DEBUG_INFORMATION_FORMAT = dwarf;
				GCC_ENABLE_FIX_AND_CONTINUE = NO;
				GCC_MODEL_TUNING = G5;
				GCC_PRECOMPILE_PREFIX_HEADER = YES;
				GCC_PREFIX_HEADER = "$(SYSTEM_LIBRARY_DIR)/Frameworks/AppKit.framework/Headers/AppKit.h";
				INFOPLIST_FILE = "test/Test10.5App-Info.plist";
				INSTALL_PATH = "$(HOME)/Applications";
				OTHER_LDFLAGS = (
					"-framework",
					Foundation,
					"-framework",
					AppKit,
				);
				PREBINDING = NO;
				PRODUCT_NAME = Test10.5App;
				SDKROOT = macosx10.5;
				ZERO_LINK = NO;
			};
			name = Release;
		};
		A54993B410B9919C002DB989 /* Debug */ = {
			isa = XCBuildConfiguration;
			buildSettings = {
				ALWAYS_SEARCH_USER_PATHS = NO;
				COPY_PHASE_STRIP = NO;
				GCC_DYNAMIC_NO_PIC = NO;
				GCC_ENABLE_FIX_AND_CONTINUE = YES;
				GCC_MODEL_TUNING = G5;
				GCC_OPTIMIZATION_LEVEL = 0;
				GCC_PRECOMPILE_PREFIX_HEADER = YES;
				GCC_PREFIX_HEADER = "$(SYSTEM_LIBRARY_DIR)/Frameworks/AppKit.framework/Headers/AppKit.h";
				INFOPLIST_FILE = "Test10.6App-Info.plist";
				INSTALL_PATH = "$(HOME)/Applications";
				OTHER_LDFLAGS = (
					"-framework",
					Foundation,
					"-framework",
					AppKit,
				);
				PREBINDING = NO;
				PRODUCT_NAME = Test10.6App;
			};
			name = Debug;
		};
		A54993B510B9919C002DB989 /* Release */ = {
			isa = XCBuildConfiguration;
			buildSettings = {
				ALWAYS_SEARCH_USER_PATHS = NO;
				COPY_PHASE_STRIP = YES;
				DEBUG_INFORMATION_FORMAT = dwarf;
				GCC_ENABLE_FIX_AND_CONTINUE = NO;
				GCC_MODEL_TUNING = G5;
				GCC_PRECOMPILE_PREFIX_HEADER = YES;
				GCC_PREFIX_HEADER = "$(SYSTEM_LIBRARY_DIR)/Frameworks/AppKit.framework/Headers/AppKit.h";
				INFOPLIST_FILE = "test/Test10.6App-Info.plist";
				INSTALL_PATH = "$(HOME)/Applications";
				OTHER_LDFLAGS = (
					"-framework",
					Foundation,
					"-framework",
					AppKit,
				);
				PREBINDING = NO;
				PRODUCT_NAME = Test10.6App;
				SDKROOT = macosx10.6;
				ZERO_LINK = NO;
			};
			name = Release;
		};
		C056398008A954F8003078D8 /* Debug */ = {
			isa = XCBuildConfiguration;
			buildSettings = {
				COPY_PHASE_STRIP = NO;
				DYLIB_COMPATIBILITY_VERSION = 1;
				DYLIB_CURRENT_VERSION = 1;
				FRAMEWORK_VERSION = A;
				GCC_DYNAMIC_NO_PIC = NO;
				GCC_ENABLE_FIX_AND_CONTINUE = YES;
				GCC_MODEL_TUNING = G5;
				GCC_OPTIMIZATION_LEVEL = 0;
				GCC_PRECOMPILE_PREFIX_HEADER = YES;
				GCC_PREFIX_HEADER = "$(SYSTEM_LIBRARY_DIR)/Frameworks/AppKit.framework/Headers/AppKit.h";
				INFOPLIST_FILE = "CocoaMondoKit-Info.plist";
				PRODUCT_NAME = CocoaMondoKit;
				SKIP_INSTALL = NO;
			};
			name = Debug;
		};
		C056398108A954F8003078D8 /* Release */ = {
			isa = XCBuildConfiguration;
			buildSettings = {
				DEBUG_INFORMATION_FORMAT = dwarf;
				DYLIB_COMPATIBILITY_VERSION = 1;
				DYLIB_CURRENT_VERSION = 1;
				FRAMEWORK_VERSION = A;
				GCC_MODEL_TUNING = G5;
				GCC_PRECOMPILE_PREFIX_HEADER = YES;
				GCC_PREFIX_HEADER = "$(SYSTEM_LIBRARY_DIR)/Frameworks/AppKit.framework/Headers/AppKit.h";
				GCC_TREAT_WARNINGS_AS_ERRORS = YES;
				GCC_VERSION = com.apple.compilers.llvmgcc42;
				INFOPLIST_FILE = "CocoaMondoKit-Info.plist";
				INSTALL_MODE_FLAG = "go-w,a+rX";
				INSTALL_PATH = "@loader_path/../Frameworks";
				LD_DYLIB_INSTALL_NAME = "$(DYLIB_INSTALL_NAME_BASE:standardizepath)/$(EXECUTABLE_PATH)";
				LD_RUNPATH_SEARCH_PATHS = "";
				PRODUCT_NAME = CocoaMondoKit;
				SDKROOT = macosx10.5;
				SKIP_INSTALL = NO;
			};
			name = Release;
		};
		C056398408A954F8003078D8 /* Debug */ = {
			isa = XCBuildConfiguration;
			buildSettings = {
				COPY_PHASE_STRIP = NO;
				FRAMEWORK_SEARCH_PATHS = (
					$inherited,
					"$(FRAMEWORK_SEARCH_PATHS_QUOTED_FOR_TARGET_1)",
					"\"$(DEVELOPER_FRAMEWORKS_DIR)\"",
				);
				FRAMEWORK_SEARCH_PATHS_QUOTED_FOR_TARGET_1 = "\"$(DEVELOPER_DIR)/Library/Frameworks\"";
				GCC_DYNAMIC_NO_PIC = NO;
				GCC_ENABLE_FIX_AND_CONTINUE = YES;
				GCC_MODEL_TUNING = G5;
				GCC_OPTIMIZATION_LEVEL = 0;
				GCC_PRECOMPILE_PREFIX_HEADER = YES;
				GCC_PREFIX_HEADER = CocoaMondoKit_Prefix.pch;
				INFOPLIST_FILE = Info.plist;
				INSTALL_PATH = "$(LOCAL_LIBRARY_DIR)/Frameworks/CocoaMondoKit.framework/Resources";
				PRODUCT_NAME = CocoaMondoKit;
				WRAPPER_EXTENSION = ibplugin;
			};
			name = Debug;
		};
		C056398508A954F8003078D8 /* Release */ = {
			isa = XCBuildConfiguration;
			buildSettings = {
				COPY_PHASE_STRIP = NO;
				DEBUG_INFORMATION_FORMAT = dwarf;
				FRAMEWORK_SEARCH_PATHS = (
					$inherited,
					"$(FRAMEWORK_SEARCH_PATHS_QUOTED_FOR_TARGET_1)",
					"\"$(DEVELOPER_FRAMEWORKS_DIR)\"",
				);
				GCC_MODEL_TUNING = G5;
				GCC_PRECOMPILE_PREFIX_HEADER = YES;
				GCC_PREFIX_HEADER = CocoaMondoKit_Prefix.pch;
				GCC_VERSION = com.apple.compilers.llvmgcc42;
				INFOPLIST_FILE = Info.plist;
				INSTALL_PATH = "";
				PRODUCT_NAME = CocoaMondoKit;
				SDKROOT = macosx10.5;
				WRAPPER_EXTENSION = ibplugin;
			};
			name = Release;
		};
		C056398808A954F8003078D8 /* Debug */ = {
			isa = XCBuildConfiguration;
			buildSettings = {
				COPY_PHASE_STRIP = NO;
				GCC_DYNAMIC_NO_PIC = NO;
				GCC_ENABLE_FIX_AND_CONTINUE = YES;
				GCC_MODEL_TUNING = G5;
				GCC_OPTIMIZATION_LEVEL = 0;
				PRODUCT_NAME = All;
				WARNING_CFLAGS = (
					"-Wmost",
					"-Wno-four-char-constants",
					"-Wno-unknown-pragmas",
				);
			};
			name = Debug;
		};
		C056398908A954F8003078D8 /* Release */ = {
			isa = XCBuildConfiguration;
			buildSettings = {
				DEBUG_INFORMATION_FORMAT = "dwarf-with-dsym";
				GCC_MODEL_TUNING = G5;
				PRODUCT_NAME = All;
				WARNING_CFLAGS = (
					"-Wmost",
					"-Wno-four-char-constants",
					"-Wno-unknown-pragmas",
				);
			};
			name = Release;
		};
		C056398C08A954F8003078D8 /* Debug */ = {
			isa = XCBuildConfiguration;
			buildSettings = {
				ARCHS = "$(ARCHS_STANDARD_32_64_BIT)";
				GCC_C_LANGUAGE_STANDARD = gnu99;
				GCC_MODEL_TUNING = "";
				GCC_WARN_ABOUT_RETURN_TYPE = YES;
				GCC_WARN_UNUSED_VARIABLE = YES;
				ONLY_ACTIVE_ARCH = YES;
				PREBINDING = NO;
				SDKROOT = macosx10.6;
			};
			name = Debug;
		};
		C056398D08A954F8003078D8 /* Release */ = {
			isa = XCBuildConfiguration;
			buildSettings = {
				ARCHS = "$(ARCHS_STANDARD_32_64_BIT)";
				GCC_C_LANGUAGE_STANDARD = gnu99;
				GCC_MODEL_TUNING = "";
				GCC_WARN_ABOUT_RETURN_TYPE = YES;
				GCC_WARN_UNUSED_VARIABLE = YES;
				PREBINDING = NO;
				SDKROOT = macosx10.5;
			};
			name = Release;
		};
/* End XCBuildConfiguration section */

/* Begin XCConfigurationList section */
		A54993AC10B99182002DB989 /* Build configuration list for PBXNativeTarget "Test10.5App" */ = {
			isa = XCConfigurationList;
			buildConfigurations = (
				A54993AA10B99182002DB989 /* Debug */,
				A54993AB10B99182002DB989 /* Release */,
			);
			defaultConfigurationIsVisible = 0;
			defaultConfigurationName = Release;
		};
		A54993B610B9919C002DB989 /* Build configuration list for PBXNativeTarget "Test10.6App" */ = {
			isa = XCConfigurationList;
			buildConfigurations = (
				A54993B410B9919C002DB989 /* Debug */,
				A54993B510B9919C002DB989 /* Release */,
			);
			defaultConfigurationIsVisible = 0;
			defaultConfigurationName = Release;
		};
		C056397F08A954F8003078D8 /* Build configuration list for PBXNativeTarget "CocoaMondoKitFramework" */ = {
			isa = XCConfigurationList;
			buildConfigurations = (
				C056398008A954F8003078D8 /* Debug */,
				C056398108A954F8003078D8 /* Release */,
			);
			defaultConfigurationIsVisible = 0;
			defaultConfigurationName = Release;
		};
		C056398308A954F8003078D8 /* Build configuration list for PBXNativeTarget "CocoaMondoKit" */ = {
			isa = XCConfigurationList;
			buildConfigurations = (
				C056398408A954F8003078D8 /* Debug */,
				C056398508A954F8003078D8 /* Release */,
			);
			defaultConfigurationIsVisible = 0;
			defaultConfigurationName = Release;
		};
		C056398708A954F8003078D8 /* Build configuration list for PBXAggregateTarget "All" */ = {
			isa = XCConfigurationList;
			buildConfigurations = (
				C056398808A954F8003078D8 /* Debug */,
				C056398908A954F8003078D8 /* Release */,
			);
			defaultConfigurationIsVisible = 0;
			defaultConfigurationName = Release;
		};
		C056398B08A954F8003078D8 /* Build configuration list for PBXProject "CocoaMondoKit" */ = {
			isa = XCConfigurationList;
			buildConfigurations = (
				C056398C08A954F8003078D8 /* Debug */,
				C056398D08A954F8003078D8 /* Release */,
			);
			defaultConfigurationIsVisible = 0;
			defaultConfigurationName = Release;
		};
/* End XCConfigurationList section */
	};
	rootObject = 0259C573FE90428111CA0C5A /* Project object */;
}
